
Microsoft Visual Studio Solution File, Format Version 12.00
# Visual Studio Version 16
VisualStudioVersion = 16.0.31911.196
MinimumVisualStudioVersion = 10.0.40219.1
Project("{FAE04EC0-301F-11D3-BF4B-00C04F79EFBC}") = "Udemy_FinalCSharp_Sales3", "Udemy_FinalCSharp_Sales3\Udemy_FinalCSharp_Sales3.csproj", "{15E57535-1AFA-4E14-B047-486A517B3EE6}"
EndProject
Global
	GlobalSection(SolutionConfigurationPlatforms) = preSolution
		Debug|Any CPU = Debug|Any CPU
		Release|Any CPU = Release|Any CPU
	EndGlobalSection
	GlobalSection(ProjectConfigurationPlatforms) = postSolution
		{15E57535-1AFA-4E14-B047-486A517B3EE6}.Debug|Any CPU.ActiveCfg = Debug|Any CPU
		{15E57535-1AFA-4E14-B047-486A517B3EE6}.Debug|Any CPU.Build.0 = Debug|Any CPU
		{15E57535-1AFA-4E14-B047-486A517B3EE6}.Release|Any CPU.ActiveCfg = Release|Any CPU
		{15E57535-1AFA-4E14-B047-486A517B3EE6}.Release|Any CPU.Build.0 = Release|Any CPU
	EndGlobalSection
	GlobalSection(SolutionProperties) = preSolution
		HideSolutionNode = FALSE
	EndGlobalSection
	GlobalSection(ExtensibilityGlobals) = postSolution
		SolutionGuid = {44E1C1F6-EA1C-4EC4-AB1C-14EE8D2857BC}
	EndGlobalSection
EndGlobal
